// !$*UTF8*$!
{
	archiveVersion = 1;
	classes = {
	};
	objectVersion = 46;
	objects = {

/* Begin PBXBuildFile section */
		180B38461E1F347F00499D18 /* Assets.xcassets in Resources */ = {isa = PBXBuildFile; fileRef = 180B38451E1F347F00499D18 /* Assets.xcassets */; };
		180B38491E1F347F00499D18 /* LaunchScreen.storyboard in Resources */ = {isa = PBXBuildFile; fileRef = 180B38471E1F347F00499D18 /* LaunchScreen.storyboard */; };
		180B386B1E1FC31A00499D18 /* AppDelegate.swift in Sources */ = {isa = PBXBuildFile; fileRef = 180B38511E1FC31A00499D18 /* AppDelegate.swift */; };
		180B386D1E1FCAAB00499D18 /* Main.storyboard in Resources */ = {isa = PBXBuildFile; fileRef = 180B386C1E1FCAAB00499D18 /* Main.storyboard */; };
		180B386F1E1FCAE600499D18 /* Follow.storyboard in Resources */ = {isa = PBXBuildFile; fileRef = 180B386E1E1FCAE600499D18 /* Follow.storyboard */; };
		180B38711E1FCAF200499D18 /* Home.storyboard in Resources */ = {isa = PBXBuildFile; fileRef = 180B38701E1FCAF200499D18 /* Home.storyboard */; };
		180B38731E1FCAFE00499D18 /* Live.storyboard in Resources */ = {isa = PBXBuildFile; fileRef = 180B38721E1FCAFE00499D18 /* Live.storyboard */; };
		180B38751E1FCB1000499D18 /* Profile.storyboard in Resources */ = {isa = PBXBuildFile; fileRef = 180B38741E1FCB1000499D18 /* Profile.storyboard */; };
		180B387B1E1FCE3300499D18 /* LJBViewController.swift in Sources */ = {isa = PBXBuildFile; fileRef = 180B387A1E1FCE3300499D18 /* LJBViewController.swift */; };
/* End PBXBuildFile section */

/* Begin PBXFileReference section */
		180B383B1E1F347F00499D18 /* LJBDouyu.app */ = {isa = PBXFileReference; explicitFileType = wrapper.application; includeInIndex = 0; path = LJBDouyu.app; sourceTree = BUILT_PRODUCTS_DIR; };
		180B38451E1F347F00499D18 /* Assets.xcassets */ = {isa = PBXFileReference; lastKnownFileType = folder.assetcatalog; path = Assets.xcassets; sourceTree = "<group>"; };
		180B38481E1F347F00499D18 /* Base */ = {isa = PBXFileReference; lastKnownFileType = file.storyboard; name = Base; path = Base.lproj/LaunchScreen.storyboard; sourceTree = "<group>"; };
		180B384A1E1F347F00499D18 /* Info.plist */ = {isa = PBXFileReference; lastKnownFileType = text.plist.xml; path = Info.plist; sourceTree = "<group>"; };
		180B38511E1FC31A00499D18 /* AppDelegate.swift */ = {isa = PBXFileReference; fileEncoding = 4; lastKnownFileType = sourcecode.swift; path = AppDelegate.swift; sourceTree = "<group>"; };
		180B386C1E1FCAAB00499D18 /* Main.storyboard */ = {isa = PBXFileReference; fileEncoding = 4; lastKnownFileType = file.storyboard; path = Main.storyboard; sourceTree = "<group>"; };
		180B386E1E1FCAE600499D18 /* Follow.storyboard */ = {isa = PBXFileReference; fileEncoding = 4; lastKnownFileType = file.storyboard; path = Follow.storyboard; sourceTree = "<group>"; };
		180B38701E1FCAF200499D18 /* Home.storyboard */ = {isa = PBXFileReference; fileEncoding = 4; lastKnownFileType = file.storyboard; path = Home.storyboard; sourceTree = "<group>"; };
		180B38721E1FCAFE00499D18 /* Live.storyboard */ = {isa = PBXFileReference; fileEncoding = 4; lastKnownFileType = file.storyboard; path = Live.storyboard; sourceTree = "<group>"; };
		180B38741E1FCB1000499D18 /* Profile.storyboard */ = {isa = PBXFileReference; fileEncoding = 4; lastKnownFileType = file.storyboard; path = Profile.storyboard; sourceTree = "<group>"; };
		180B387A1E1FCE3300499D18 /* LJBViewController.swift */ = {isa = PBXFileReference; fileEncoding = 4; lastKnownFileType = sourcecode.swift; path = LJBViewController.swift; sourceTree = "<group>"; };
/* End PBXFileReference section */

/* Begin PBXFrameworksBuildPhase section */
		180B38381E1F347F00499D18 /* Frameworks */ = {
			isa = PBXFrameworksBuildPhase;
			buildActionMask = 2147483647;
			files = (
			);
			runOnlyForDeploymentPostprocessing = 0;
		};
/* End PBXFrameworksBuildPhase section */

/* Begin PBXGroup section */
		180B38321E1F347F00499D18 = {
			isa = PBXGroup;
			children = (
				180B383D1E1F347F00499D18 /* LJBDouyu */,
				180B383C1E1F347F00499D18 /* Products */,
			);
			sourceTree = "<group>";
		};
		180B383C1E1F347F00499D18 /* Products */ = {
			isa = PBXGroup;
			children = (
				180B383B1E1F347F00499D18 /* LJBDouyu.app */,
			);
			name = Products;
			sourceTree = "<group>";
		};
		180B383D1E1F347F00499D18 /* LJBDouyu */ = {
			isa = PBXGroup;
			children = (
				180B38501E1FC31A00499D18 /* classes */,
				180B38451E1F347F00499D18 /* Assets.xcassets */,
				180B38471E1F347F00499D18 /* LaunchScreen.storyboard */,
				180B384A1E1F347F00499D18 /* Info.plist */,
			);
			path = LJBDouyu;
			sourceTree = "<group>";
		};
		180B38501E1FC31A00499D18 /* classes */ = {
			isa = PBXGroup;
			children = (
				180B38511E1FC31A00499D18 /* AppDelegate.swift */,
				180B385E1E1FC31A00499D18 /* Main */,
				180B38521E1FC31A00499D18 /* Follow */,
				180B38561E1FC31A00499D18 /* Home */,
				180B385A1E1FC31A00499D18 /* Live */,
				180B38621E1FC31A00499D18 /* Profile */,
				180B38661E1FC31A00499D18 /* Room */,
				180B386A1E1FC31A00499D18 /* Tools */,
			);
			path = classes;
			sourceTree = "<group>";
		};
		180B38521E1FC31A00499D18 /* Follow */ = {
			isa = PBXGroup;
			children = (
				180B38531E1FC31A00499D18 /* Controller */,
				180B38541E1FC31A00499D18 /* Model */,
				180B38551E1FC31A00499D18 /* View */,
			);
			path = Follow;
			sourceTree = "<group>";
		};
		180B38531E1FC31A00499D18 /* Controller */ = {
			isa = PBXGroup;
			children = (
				180B386E1E1FCAE600499D18 /* Follow.storyboard */,
			);
			path = Controller;
			sourceTree = "<group>";
		};
		180B38541E1FC31A00499D18 /* Model */ = {
			isa = PBXGroup;
			children = (
			);
			path = Model;
			sourceTree = "<group>";
		};
		180B38551E1FC31A00499D18 /* View */ = {
			isa = PBXGroup;
			children = (
			);
			path = View;
			sourceTree = "<group>";
		};
		180B38561E1FC31A00499D18 /* Home */ = {
			isa = PBXGroup;
			children = (
				180B38571E1FC31A00499D18 /* Controller */,
				180B38581E1FC31A00499D18 /* Model */,
				180B38591E1FC31A00499D18 /* View */,
			);
			path = Home;
			sourceTree = "<group>";
		};
		180B38571E1FC31A00499D18 /* Controller */ = {
			isa = PBXGroup;
			children = (
				180B38701E1FCAF200499D18 /* Home.storyboard */,
			);
			path = Controller;
			sourceTree = "<group>";
		};
		180B38581E1FC31A00499D18 /* Model */ = {
			isa = PBXGroup;
			children = (
			);
			path = Model;
			sourceTree = "<group>";
		};
		180B38591E1FC31A00499D18 /* View */ = {
			isa = PBXGroup;
			children = (
			);
			path = View;
			sourceTree = "<group>";
		};
		180B385A1E1FC31A00499D18 /* Live */ = {
			isa = PBXGroup;
			children = (
				180B385B1E1FC31A00499D18 /* Controller */,
				180B385C1E1FC31A00499D18 /* Model */,
				180B385D1E1FC31A00499D18 /* View */,
			);
			path = Live;
			sourceTree = "<group>";
		};
		180B385B1E1FC31A00499D18 /* Controller */ = {
			isa = PBXGroup;
			children = (
				180B38721E1FCAFE00499D18 /* Live.storyboard */,
			);
			path = Controller;
			sourceTree = "<group>";
		};
		180B385C1E1FC31A00499D18 /* Model */ = {
			isa = PBXGroup;
			children = (
			);
			path = Model;
			sourceTree = "<group>";
		};
		180B385D1E1FC31A00499D18 /* View */ = {
			isa = PBXGroup;
			children = (
			);
			path = View;
			sourceTree = "<group>";
		};
		180B385E1E1FC31A00499D18 /* Main */ = {
			isa = PBXGroup;
			children = (
				180B385F1E1FC31A00499D18 /* Controller */,
				180B38601E1FC31A00499D18 /* Model */,
				180B38611E1FC31A00499D18 /* View */,
			);
			path = Main;
			sourceTree = "<group>";
		};
		180B385F1E1FC31A00499D18 /* Controller */ = {
			isa = PBXGroup;
			children = (
				180B386C1E1FCAAB00499D18 /* Main.storyboard */,
				180B387A1E1FCE3300499D18 /* LJBViewController.swift */,
			);
			path = Controller;
			sourceTree = "<group>";
		};
		180B38601E1FC31A00499D18 /* Model */ = {
			isa = PBXGroup;
			children = (
			);
			path = Model;
			sourceTree = "<group>";
		};
		180B38611E1FC31A00499D18 /* View */ = {
			isa = PBXGroup;
			children = (
			);
			path = View;
			sourceTree = "<group>";
		};
		180B38621E1FC31A00499D18 /* Profile */ = {
			isa = PBXGroup;
			children = (
				180B38631E1FC31A00499D18 /* Controller */,
				180B38641E1FC31A00499D18 /* Model */,
				180B38651E1FC31A00499D18 /* View */,
			);
			path = Profile;
			sourceTree = "<group>";
		};
		180B38631E1FC31A00499D18 /* Controller */ = {
			isa = PBXGroup;
			children = (
				180B38741E1FCB1000499D18 /* Profile.storyboard */,
			);
			path = Controller;
			sourceTree = "<group>";
		};
		180B38641E1FC31A00499D18 /* Model */ = {
			isa = PBXGroup;
			children = (
			);
			path = Model;
			sourceTree = "<group>";
		};
		180B38651E1FC31A00499D18 /* View */ = {
			isa = PBXGroup;
			children = (
			);
			path = View;
			sourceTree = "<group>";
		};
		180B38661E1FC31A00499D18 /* Room */ = {
			isa = PBXGroup;
			children = (
				180B38671E1FC31A00499D18 /* Controller */,
				180B38681E1FC31A00499D18 /* Model */,
				180B38691E1FC31A00499D18 /* View */,
			);
			path = Room;
			sourceTree = "<group>";
		};
		180B38671E1FC31A00499D18 /* Controller */ = {
			isa = PBXGroup;
			children = (
			);
			path = Controller;
			sourceTree = "<group>";
		};
		180B38681E1FC31A00499D18 /* Model */ = {
			isa = PBXGroup;
			children = (
			);
			path = Model;
			sourceTree = "<group>";
		};
		180B38691E1FC31A00499D18 /* View */ = {
			isa = PBXGroup;
			children = (
			);
			path = View;
			sourceTree = "<group>";
		};
		180B386A1E1FC31A00499D18 /* Tools */ = {
			isa = PBXGroup;
			children = (
			);
			path = Tools;
			sourceTree = "<group>";
		};
/* End PBXGroup section */

/* Begin PBXNativeTarget section */
		180B383A1E1F347F00499D18 /* LJBDouyu */ = {
			isa = PBXNativeTarget;
			buildConfigurationList = 180B384D1E1F347F00499D18 /* Build configuration list for PBXNativeTarget "LJBDouyu" */;
			buildPhases = (
				180B38371E1F347F00499D18 /* Sources */,
				180B38381E1F347F00499D18 /* Frameworks */,
				180B38391E1F347F00499D18 /* Resources */,
			);
			buildRules = (
			);
			dependencies = (
			);
			name = LJBDouyu;
			productName = LJBDouyu;
			productReference = 180B383B1E1F347F00499D18 /* LJBDouyu.app */;
			productType = "com.apple.product-type.application";
		};
/* End PBXNativeTarget section */

/* Begin PBXProject section */
		180B38331E1F347F00499D18 /* Project object */ = {
			isa = PBXProject;
			attributes = {
				LastSwiftUpdateCheck = 0810;
				LastUpgradeCheck = 0810;
				ORGANIZATIONNAME = bowenCompany;
				TargetAttributes = {
					180B383A1E1F347F00499D18 = {
						CreatedOnToolsVersion = 8.1;
						ProvisioningStyle = Automatic;
					};
				};
			};
			buildConfigurationList = 180B38361E1F347F00499D18 /* Build configuration list for PBXProject "LJBDouyu" */;
			compatibilityVersion = "Xcode 3.2";
			developmentRegion = English;
			hasScannedForEncodings = 0;
			knownRegions = (
				en,
				Base,
			);
			mainGroup = 180B38321E1F347F00499D18;
			productRefGroup = 180B383C1E1F347F00499D18 /* Products */;
			projectDirPath = "";
			projectRoot = "";
			targets = (
				180B383A1E1F347F00499D18 /* LJBDouyu */,
			);
		};
/* End PBXProject section */

/* Begin PBXResourcesBuildPhase section */
		180B38391E1F347F00499D18 /* Resources */ = {
			isa = PBXResourcesBuildPhase;
			buildActionMask = 2147483647;
			files = (
				180B386D1E1FCAAB00499D18 /* Main.storyboard in Resources */,
				180B38711E1FCAF200499D18 /* Home.storyboard in Resources */,
				180B38731E1FCAFE00499D18 /* Live.storyboard in Resources */,
				180B38491E1F347F00499D18 /* LaunchScreen.storyboard in Resources */,
				180B38461E1F347F00499D18 /* Assets.xcassets in Resources */,
				180B38751E1FCB1000499D18 /* Profile.storyboard in Resources */,
				180B386F1E1FCAE600499D18 /* Follow.storyboard in Resources */,
			);
			runOnlyForDeploymentPostprocessing = 0;
		};
/* End PBXResourcesBuildPhase section */

/* Begin PBXSourcesBuildPhase section */
		180B38371E1F347F00499D18 /* Sources */ = {
			isa = PBXSourcesBuildPhase;
			buildActionMask = 2147483647;
			files = (
				180B386B1E1FC31A00499D18 /* AppDelegate.swift in Sources */,
				180B387B1E1FCE3300499D18 /* LJBViewController.swift in Sources */,
			);
			runOnlyForDeploymentPostprocessing = 0;
		};
/* End PBXSourcesBuildPhase section */

/* Begin PBXVariantGroup section */
		180B38471E1F347F00499D18 /* LaunchScreen.storyboard */ = {
			isa = PBXVariantGroup;
			children = (
				180B38481E1F347F00499D18 /* Base */,
			);
			name = LaunchScreen.storyboard;
			sourceTree = "<group>";
		};
/* End PBXVariantGroup section */

/* Begin XCBuildConfiguration section */
		180B384B1E1F347F00499D18 /* Debug */ = {
			isa = XCBuildConfiguration;
			buildSettings = {
				ALWAYS_SEARCH_USER_PATHS = NO;
				CLANG_ANALYZER_NONNULL = YES;
				CLANG_CXX_LANGUAGE_STANDARD = "gnu++0x";
				CLANG_CXX_LIBRARY = "libc++";
				CLANG_ENABLE_MODULES = YES;
				CLANG_ENABLE_OBJC_ARC = YES;
				CLANG_WARN_BOOL_CONVERSION = YES;
				CLANG_WARN_CONSTANT_CONVERSION = YES;
				CLANG_WARN_DIRECT_OBJC_ISA_USAGE = YES_ERROR;
				CLANG_WARN_DOCUMENTATION_COMMENTS = YES;
				CLANG_WARN_EMPTY_BODY = YES;
				CLANG_WARN_ENUM_CONVERSION = YES;
				CLANG_WARN_INFINITE_RECURSION = YES;
				CLANG_WARN_INT_CONVERSION = YES;
				CLANG_WARN_OBJC_ROOT_CLASS = YES_ERROR;
				CLANG_WARN_SUSPICIOUS_MOVES = YES;
				CLANG_WARN_UNREACHABLE_CODE = YES;
				CLANG_WARN__DUPLICATE_METHOD_MATCH = YES;
				"CODE_SIGN_IDENTITY[sdk=iphoneos*]" = "iPhone Developer";
				COPY_PHASE_STRIP = NO;
				DEBUG_INFORMATION_FORMAT = dwarf;
				ENABLE_STRICT_OBJC_MSGSEND = YES;
				ENABLE_TESTABILITY = YES;
				GCC_C_LANGUAGE_STANDARD = gnu99;
				GCC_DYNAMIC_NO_PIC = NO;
				GCC_NO_COMMON_BLOCKS = YES;
				GCC_OPTIMIZATION_LEVEL = 0;
				GCC_PREPROCESSOR_DEFINITIONS = (
					"DEBUG=1",
					"$(inherited)",
				);
				GCC_WARN_64_TO_32_BIT_CONVERSION = YES;
				GCC_WARN_ABOUT_RETURN_TYPE = YES_ERROR;
				GCC_WARN_UNDECLARED_SELECTOR = YES;
				GCC_WARN_UNINITIALIZED_AUTOS = YES_AGGRESSIVE;
				GCC_WARN_UNUSED_FUNCTION = YES;
				GCC_WARN_UNUSED_VARIABLE = YES;
				IPHONEOS_DEPLOYMENT_TARGET = 10.1;
				MTL_ENABLE_DEBUG_INFO = YES;
				ONLY_ACTIVE_ARCH = YES;
				SDKROOT = iphoneos;
				SWIFT_ACTIVE_COMPILATION_CONDITIONS = DEBUG;
				SWIFT_OPTIMIZATION_LEVEL = "-Onone";
			};
			name = Debug;
		};
		180B384C1E1F347F00499D18 /* Release */ = {
			isa = XCBuildConfiguration;
			buildSettings = {
				ALWAYS_SEARCH_USER_PATHS = NO;
				CLANG_ANALYZER_NONNULL = YES;
				CLANG_CXX_LANGUAGE_STANDARD = "gnu++0x";
				CLANG_CXX_LIBRARY = "libc++";
				CLANG_ENABLE_MODULES = YES;
				CLANG_ENABLE_OBJC_ARC = YES;
				CLANG_WARN_BOOL_CONVERSION = YES;
				CLANG_WARN_CONSTANT_CONVERSION = YES;
				CLANG_WARN_DIRECT_OBJC_ISA_USAGE = YES_ERROR;
				CLANG_WARN_DOCUMENTATION_COMMENTS = YES;
				CLANG_WARN_EMPTY_BODY = YES;
				CLANG_WARN_ENUM_CONVERSION = YES;
				CLANG_WARN_INFINITE_RECURSION = YES;
				CLANG_WARN_INT_CONVERSION = YES;
				CLANG_WARN_OBJC_ROOT_CLASS = YES_ERROR;
				CLANG_WARN_SUSPICIOUS_MOVES = YES;
				CLANG_WARN_UNREACHABLE_CODE = YES;
				CLANG_WARN__DUPLICATE_METHOD_MATCH = YES;
				"CODE_SIGN_IDENTITY[sdk=iphoneos*]" = "iPhone Developer";
				COPY_PHASE_STRIP = NO;
				DEBUG_INFORMATION_FORMAT = "dwarf-with-dsym";
				ENABLE_NS_ASSERTIONS = NO;
				ENABLE_STRICT_OBJC_MSGSEND = YES;
				GCC_C_LANGUAGE_STANDARD = gnu99;
				GCC_NO_COMMON_BLOCKS = YES;
				GCC_WARN_64_TO_32_BIT_CONVERSION = YES;
				GCC_WARN_ABOUT_RETURN_TYPE = YES_ERROR;
				GCC_WARN_UNDECLARED_SELECTOR = YES;
				GCC_WARN_UNINITIALIZED_AUTOS = YES_AGGRESSIVE;
				GCC_WARN_UNUSED_FUNCTION = YES;
				GCC_WARN_UNUSED_VARIABLE = YES;
				IPHONEOS_DEPLOYMENT_TARGET = 10.1;
				MTL_ENABLE_DEBUG_INFO = NO;
				SDKROOT = iphoneos;
				SWIFT_OPTIMIZATION_LEVEL = "-Owholemodule";
				VALIDATE_PRODUCT = YES;
			};
			name = Release;
		};
		180B384E1E1F347F00499D18 /* Debug */ = {
			isa = XCBuildConfiguration;
			buildSettings = {
				ASSETCATALOG_COMPILER_APPICON_NAME = AppIcon;
				ASSETCATALOG_COMPILER_LAUNCHIMAGE_NAME = LaunchImage;
				INFOPLIST_FILE = LJBDouyu/Info.plist;
				LD_RUNPATH_SEARCH_PATHS = "$(inherited) @executable_path/Frameworks";
				PRODUCT_BUNDLE_IDENTIFIER = com.bowen.www.LJBDouyu;
				PRODUCT_NAME = "$(TARGET_NAME)";
				SWIFT_VERSION = 3.0;
			};
			name = Debug;
		};
		180B384F1E1F347F00499D18 /* Release */ = {
			isa = XCBuildConfiguration;
			buildSettings = {
				ASSETCATALOG_COMPILER_APPICON_NAME = AppIcon;
				ASSETCATALOG_COMPILER_LAUNCHIMAGE_NAME = LaunchImage;
				INFOPLIST_FILE = LJBDouyu/Info.plist;
				LD_RUNPATH_SEARCH_PATHS = "$(inherited) @executable_path/Frameworks";
				PRODUCT_BUNDLE_IDENTIFIER = com.bowen.www.LJBDouyu;
				PRODUCT_NAME = "$(TARGET_NAME)";
				SWIFT_VERSION = 3.0;
			};
			name = Release;
		};
/* End XCBuildConfiguration section */

/* Begin XCConfigurationList section */
		180B38361E1F347F00499D18 /* Build configuration list for PBXProject "LJBDouyu" */ = {
			isa = XCConfigurationList;
			buildConfigurations = (
				180B384B1E1F347F00499D18 /* Debug */,
				180B384C1E1F347F00499D18 /* Release */,
			);
			defaultConfigurationIsVisible = 0;
			defaultConfigurationName = Release;
		};
		180B384D1E1F347F00499D18 /* Build configuration list for PBXNativeTarget "LJBDouyu" */ = {
			isa = XCConfigurationList;
			buildConfigurations = (
				180B384E1E1F347F00499D18 /* Debug */,
				180B384F1E1F347F00499D18 /* Release */,
			);
			defaultConfigurationIsVisible = 0;
			defaultConfigurationName = Release;
		};
/* End XCConfigurationList section */
	};
	rootObject = 180B38331E1F347F00499D18 /* Project object */;
}
